cta_heading: "This is the heading of the CTA Panel"
cta_link: "https://www.google.com"
cta_link_title: "Learn more"
cta_content: "<p>Lorem ipsum dolor sit amet, consectetur adipiscing elit. Vivamus eget urna et enim suscipit feugiat. Donec in neque nisi. Cras et erat ac nisi mattis egestas fermentum non justo. Pellentesque tincidunt, purus vel scelerisque luctus, magna ex euismod ante, non scelerisque enim libero eu ligula. Sed mattis metus elit, feugiat pharetra tortor rutrum in.</p>"